
Microsoft Visual Studio Solution File, Format Version 12.00
# Visual Studio 14
VisualStudioVersion = 14.0.25420.1
MinimumVisualStudioVersion = 10.0.40219.1
Project("{FAE04EC0-301F-11D3-BF4B-00C04F79EFBC}") = "Dish.WebAPI", "Dish.WebAPI\Dish.WebAPI.csproj", "{5302747E-F214-4D38-B977-D106FD696E88}"
EndProject
Project("{FAE04EC0-301F-11D3-BF4B-00C04F79EFBC}") = "Dish.DB", "Dish.DB\Dish.DB.csproj", "{161F7436-9930-44DF-AFBB-97C1219BA55F}"
EndProject
Project("{FAE04EC0-301F-11D3-BF4B-00C04F79EFBC}") = "DishApp", "DishApp\DishApp.csproj", "{11DA0FA0-2097-4FBC-8FED-309ABFA51FF9}"
EndProject
Global
	GlobalSection(SolutionConfigurationPlatforms) = preSolution
		Debug|Any CPU = Debug|Any CPU
		Release|Any CPU = Release|Any CPU
	EndGlobalSection
	GlobalSection(ProjectConfigurationPlatforms) = postSolution
		{5302747E-F214-4D38-B977-D106FD696E88}.Debug|Any CPU.ActiveCfg = Debug|Any CPU
		{5302747E-F214-4D38-B977-D106FD696E88}.Debug|Any CPU.Build.0 = Debug|Any CPU
		{5302747E-F214-4D38-B977-D106FD696E88}.Release|Any CPU.ActiveCfg = Release|Any CPU
		{5302747E-F214-4D38-B977-D106FD696E88}.Release|Any CPU.Build.0 = Release|Any CPU
		{161F7436-9930-44DF-AFBB-97C1219BA55F}.Debug|Any CPU.ActiveCfg = Debug|Any CPU
		{161F7436-9930-44DF-AFBB-97C1219BA55F}.Debug|Any CPU.Build.0 = Debug|Any CPU
		{161F7436-9930-44DF-AFBB-97C1219BA55F}.Release|Any CPU.ActiveCfg = Release|Any CPU
		{161F7436-9930-44DF-AFBB-97C1219BA55F}.Release|Any CPU.Build.0 = Release|Any CPU
		{11DA0FA0-2097-4FBC-8FED-309ABFA51FF9}.Debug|Any CPU.ActiveCfg = Debug|Any CPU
		{11DA0FA0-2097-4FBC-8FED-309ABFA51FF9}.Debug|Any CPU.Build.0 = Debug|Any CPU
		{11DA0FA0-2097-4FBC-8FED-309ABFA51FF9}.Release|Any CPU.ActiveCfg = Release|Any CPU
		{11DA0FA0-2097-4FBC-8FED-309ABFA51FF9}.Release|Any CPU.Build.0 = Release|Any CPU
	EndGlobalSection
	GlobalSection(SolutionProperties) = preSolution
		HideSolutionNode = FALSE
	EndGlobalSection
EndGlobal
